<?xml version="1.0" encoding="utf-8"?>
<Project ToolsVersion="4.0" xmlns="http://schemas.microsoft.com/developer/msbuild/2003">
  <ItemGroup>
    <ClCompile Include="GameTest.cpp" />
    <ClCompile Include="App\app.cpp">
      <Filter>API</Filter>
    </ClCompile>
    <ClCompile Include="App\main.cpp">
      <Filter>API</Filter>
    </ClCompile>
    <ClCompile Include="stdafx.cpp">
      <Filter>API</Filter>
    </ClCompile>
    <ClCompile Include="App\SimpleSprite.cpp">
      <Filter>API</Filter>
    </ClCompile>
    <ClCompile Include="App\SimpleSound.cpp">
      <Filter>API</Filter>
    </ClCompile>
    <ClCompile Include="App\SimpleController.cpp">
      <Filter>API</Filter>
    </ClCompile>
    <ClCompile Include="App\TextureLoader.cpp">
      <Filter>API</Filter>
    </ClCompile>
    <ClCompile Include="objectPooling.cpp">
      <Filter>createdScripts</Filter>
    </ClCompile>
    <ClCompile Include="enemyBehaviour.cpp">
      <Filter>createdScripts</Filter>
    </ClCompile>
    <ClCompile Include="bullet.cpp">
      <Filter>createdScripts</Filter>
    </ClCompile>
    <ClCompile Include="towers.cpp">
      <Filter>createdScripts</Filter>
    </ClCompile>
    <ClCompile Include="UI.cpp">
      <Filter>createdScripts</Filter>
    </ClCompile>
    <ClCompile Include="wave.cpp">
      <Filter>createdScripts</Filter>
    </ClCompile>
  </ItemGroup>
  <ItemGroup>
    <ClInclude Include="App\app.h">
      <Filter>API</Filter>
    </ClInclude>
    <ClInclude Include="App\AppSettings.h">
      <Filter>API</Filter>
    </ClInclude>
    <ClInclude Include="App\main.h">
      <Filter>API</Filter>
    </ClInclude>
    <ClInclude Include="targetver.h">
      <Filter>API</Filter>
    </ClInclude>
    <ClInclude Include="stdafx.h">
      <Filter>API</Filter>
    </ClInclude>
    <ClInclude Include="App\SimpleSprite.h">
      <Filter>API</Filter>
    </ClInclude>
    <ClInclude Include="App\SimpleSound.h">
      <Filter>API</Filter>
    </ClInclude>
    <ClInclude Include="App\SimpleController.h">
      <Filter>API</Filter>
    </ClInclude>
    <ClInclude Include="App\TextureLoader.h">
      <Filter>API</Filter>
    </ClInclude>
    <ClInclude Include="objectPooling.h">
      <Filter>createdScripts</Filter>
    </ClInclude>
    <ClInclude Include="enemyBehaviour.h">
      <Filter>createdScripts</Filter>
    </ClInclude>
    <ClInclude Include="maps.h">
      <Filter>createdScripts</Filter>
    </ClInclude>
    <ClInclude Include="towers.h">
      <Filter>createdScripts</Filter>
    </ClInclude>
    <ClInclude Include="UI.h">
      <Filter>createdScripts</Filter>
    </ClInclude>
    <ClInclude Include="bullet.h">
      <Filter>createdScripts</Filter>
    </ClInclude>
    <ClInclude Include="wave.h">
      <Filter>createdScripts</Filter>
    </ClInclude>
    <ClInclude Include="resource.h" />
  </ItemGroup>
  <ItemGroup>
    <Text Include="ReadMe.txt" />
  </ItemGroup>
  <ItemGroup>
    <Filter Include="API">
      <UniqueIdentifier>{3e1485bf-3449-4966-8760-976ee866544b}</UniqueIdentifier>
    </Filter>
    <Filter Include="createdScripts">
      <UniqueIdentifier>{3fbf390e-e2da-435e-856d-fb07df8dd64d}</UniqueIdentifier>
    </Filter>
  </ItemGroup>
  <ItemGroup>
    <ResourceCompile Include="GameTest.rc" />
  </ItemGroup>
  <ItemGroup>
    <Image Include="..\..\..\NEXT_Toronto_2021_Programming_MacMacIvor\Pic.PNG" />
    <Image Include="..\..\..\NEXT_Toronto_2021_Programming_MacMacIvor\favicon.ico" />
  </ItemGroup>
</Project>